{
  "version": 4,
  "terraform_version": "0.12.9",
  "serial": 12,
  "lineage": "cf422a8a-1956-81e3-57e9-7d767d191794",
  "outputs": {
    "base_url": {
      "value": "https://ovjbs2pt65.execute-api.eu-central-1.amazonaws.com/test",
      "type": "string"
    }
  },
  "resources": [
    {
      "mode": "managed",
      "type": "aws_api_gateway_deployment",
      "name": "coin-changer-api",
      "provider": "provider.aws",
      "instances": [
        {
          "schema_version": 0,
          "attributes": {
            "created_date": "2019-09-20T11:28:37Z",
            "description": "",
            "execution_arn": "arn:aws:execute-api:eu-central-1:688740694877:ovjbs2pt65/test",
            "id": "xblcbi",
            "invoke_url": "https://ovjbs2pt65.execute-api.eu-central-1.amazonaws.com/test",
            "rest_api_id": "ovjbs2pt65",
            "stage_description": null,
            "stage_name": "test",
            "variables": null
          },
          "private": "bnVsbA==",
          "depends_on": [
            "aws_api_gateway_integration.changer",
            "aws_api_gateway_rest_api.coin-changer-api"
          ]
        }
      ]
    },
    {
      "mode": "managed",
      "type": "aws_api_gateway_integration",
      "name": "changer",
      "provider": "provider.aws",
      "instances": [
        {
          "schema_version": 0,
          "attributes": {
            "cache_key_parameters": [],
            "cache_namespace": "1jrxmj",
            "connection_id": "",
            "connection_type": "INTERNET",
            "content_handling": "",
            "credentials": "",
            "http_method": "POST",
            "id": "agi-ovjbs2pt65-1jrxmj-POST",
            "integration_http_method": "POST",
            "passthrough_behavior": "WHEN_NO_MATCH",
            "request_parameters": {},
            "request_parameters_in_json": null,
            "request_templates": {},
            "resource_id": "1jrxmj",
            "rest_api_id": "ovjbs2pt65",
            "timeout_milliseconds": 29000,
            "type": "AWS_PROXY",
            "uri": "arn:aws:apigateway:eu-central-1:lambda:path/2015-03-31/functions/arn:aws:lambda:eu-central-1:688740694877:function:CoinChanger/invocations"
          },
          "private": "bnVsbA==",
          "depends_on": [
            "aws_api_gateway_method.changer",
            "aws_api_gateway_resource.changer",
            "aws_api_gateway_rest_api.coin-changer-api",
            "aws_lambda_function.coin_changer"
          ]
        }
      ]
    },
    {
      "mode": "managed",
      "type": "aws_api_gateway_method",
      "name": "changer",
      "provider": "provider.aws",
      "instances": [
        {
          "schema_version": 0,
          "attributes": {
            "api_key_required": false,
            "authorization": "NONE",
            "authorization_scopes": [],
            "authorizer_id": "",
            "http_method": "POST",
            "id": "agm-ovjbs2pt65-1jrxmj-POST",
            "request_models": {},
            "request_parameters": {},
            "request_parameters_in_json": null,
            "request_validator_id": "",
            "resource_id": "1jrxmj",
            "rest_api_id": "ovjbs2pt65"
          },
          "private": "bnVsbA==",
          "depends_on": [
            "aws_api_gateway_resource.changer",
            "aws_api_gateway_rest_api.coin-changer-api"
          ]
        }
      ]
    },
    {
      "mode": "managed",
      "type": "aws_api_gateway_resource",
      "name": "changer",
      "provider": "provider.aws",
      "instances": [
        {
          "schema_version": 0,
          "attributes": {
            "id": "1jrxmj",
            "parent_id": "sn0bfyd0a0",
            "path": "/changer",
            "path_part": "changer",
            "rest_api_id": "ovjbs2pt65"
          },
          "private": "bnVsbA==",
          "depends_on": [
            "aws_api_gateway_rest_api.coin-changer-api"
          ]
        }
      ]
    },
    {
      "mode": "managed",
      "type": "aws_api_gateway_rest_api",
      "name": "coin-changer-api",
      "provider": "provider.aws",
      "instances": [
        {
          "schema_version": 0,
          "attributes": {
            "api_key_source": "HEADER",
            "binary_media_types": [],
            "body": null,
            "created_date": "2019-09-20T11:27:43Z",
            "description": "Coin Changer API",
            "endpoint_configuration": [
              {
                "types": [
                  "EDGE"
                ]
              }
            ],
            "execution_arn": "arn:aws:execute-api:eu-central-1:688740694877:ovjbs2pt65",
            "id": "ovjbs2pt65",
            "minimum_compression_size": -1,
            "name": "CoinChanger",
            "policy": "",
            "root_resource_id": "sn0bfyd0a0"
          },
          "private": "bnVsbA=="
        }
      ]
    },
    {
      "mode": "managed",
      "type": "aws_iam_role",
      "name": "lambda_exec",
      "provider": "provider.aws",
      "instances": [
        {
          "schema_version": 0,
          "attributes": {
            "arn": "arn:aws:iam::688740694877:role/sjones_coin_changer_lambda",
            "assume_role_policy": "{\"Version\":\"2012-10-17\",\"Statement\":[{\"Sid\":\"\",\"Effect\":\"Allow\",\"Principal\":{\"Service\":\"lambda.amazonaws.com\"},\"Action\":\"sts:AssumeRole\"}]}",
            "create_date": "2019-09-20T11:28:18Z",
            "description": "",
            "force_detach_policies": false,
            "id": "sjones_coin_changer_lambda",
            "max_session_duration": 3600,
            "name": "sjones_coin_changer_lambda",
            "name_prefix": null,
            "path": "/",
            "permissions_boundary": null,
            "tags": {},
            "unique_id": "AROA2AXBE7NOTHXTMCCFE"
          },
          "private": "bnVsbA=="
        }
      ]
    },
    {
      "mode": "managed",
      "type": "aws_lambda_function",
      "name": "coin_changer",
      "provider": "provider.aws",
      "instances": [
        {
          "schema_version": 0,
          "attributes": {
            "arn": "arn:aws:lambda:eu-central-1:688740694877:function:CoinChanger",
            "dead_letter_config": [],
            "description": "",
            "environment": [],
            "filename": null,
            "function_name": "CoinChanger",
            "handler": "main.handler",
            "id": "CoinChanger",
            "invoke_arn": "arn:aws:apigateway:eu-central-1:lambda:path/2015-03-31/functions/arn:aws:lambda:eu-central-1:688740694877:function:CoinChanger/invocations",
            "kms_key_arn": "",
            "last_modified": "2019-09-20T11:28:36.692+0000",
            "layers": [],
            "memory_size": 128,
            "publish": false,
            "qualified_arn": "arn:aws:lambda:eu-central-1:688740694877:function:CoinChanger:$LATEST",
            "reserved_concurrent_executions": -1,
            "role": "arn:aws:iam::688740694877:role/sjones_coin_changer_lambda",
            "runtime": "python3.6",
            "s3_bucket": "sjones-coin-changer-lambda",
            "s3_key": "lambda.zip",
            "s3_object_version": null,
            "source_code_hash": "FgCqDx3R6/k5Mb+ojmk9u75a/naBVOiedV4IDg9ZqHQ=",
            "source_code_size": 423,
            "tags": {},
            "timeout": 3,
            "timeouts": null,
            "tracing_config": [
              {
                "mode": "PassThrough"
              }
            ],
            "version": "$LATEST",
            "vpc_config": []
          },
          "private": "eyJlMmJmYjczMC1lY2FhLTExZTYtOGY4OC0zNDM2M2JjN2M0YzAiOnsiY3JlYXRlIjo2MDAwMDAwMDAwMDB9fQ==",
          "depends_on": [
            "aws_iam_role.lambda_exec"
          ]
        }
      ]
    },
    {
      "mode": "managed",
      "type": "aws_lambda_permission",
      "name": "apigw",
      "provider": "provider.aws",
      "instances": [
        {
          "schema_version": 0,
          "attributes": {
            "action": "lambda:InvokeFunction",
            "event_source_token": null,
            "function_name": "CoinChanger",
            "id": "AllowAPIGatewayInvoke",
            "principal": "apigateway.amazonaws.com",
            "qualifier": "",
            "source_account": null,
            "source_arn": "arn:aws:execute-api:eu-central-1:688740694877:ovjbs2pt65/*/*",
            "statement_id": "AllowAPIGatewayInvoke",
            "statement_id_prefix": null
          },
          "private": "bnVsbA==",
          "depends_on": [
            "aws_api_gateway_rest_api.coin-changer-api",
            "aws_lambda_function.coin_changer"
          ]
        }
      ]
    }
  ]
}
